Microsoft Visual Studio Solution File, Format Version 12.00
# Visual Studio Version 17
VisualStudioVersion = 17.5.2.0
MinimumVisualStudioVersion = 10.0.40219.1
Project("{FAE04EC0-301F-11D3-BF4B-00C04F79EFBC}") = "RealWines.NET", "RealWines.NET\RealWines.NET.csproj", "{F07E16E0-5182-2FE7-9D95-B160DBB96EC5}"
EndProject
Global
	GlobalSection(SolutionConfigurationPlatforms) = preSolution
		Debug|Any CPU = Debug|Any CPU
		Release|Any CPU = Release|Any CPU
	EndGlobalSection
	GlobalSection(ProjectConfigurationPlatforms) = postSolution
		{F07E16E0-5182-2FE7-9D95-B160DBB96EC5}.Debug|Any CPU.ActiveCfg = Debug|Any CPU
		{F07E16E0-5182-2FE7-9D95-B160DBB96EC5}.Debug|Any CPU.Build.0 = Debug|Any CPU
		{F07E16E0-5182-2FE7-9D95-B160DBB96EC5}.Release|Any CPU.ActiveCfg = Release|Any CPU
		{F07E16E0-5182-2FE7-9D95-B160DBB96EC5}.Release|Any CPU.Build.0 = Release|Any CPU
	EndGlobalSection
	GlobalSection(SolutionProperties) = preSolution
		HideSolutionNode = FALSE
	EndGlobalSection
	GlobalSection(ExtensibilityGlobals) = postSolution
		SolutionGuid = {2674F2CB-F37F-4915-BAC9-A4408B8DA9ED}
	EndGlobalSection
EndGlobal
